
Microsoft Visual Studio Solution File, Format Version 12.00
# Visual Studio 15
VisualStudioVersion = 15.0.28307.489
MinimumVisualStudioVersion = 10.0.40219.1
Project("{9A19103F-16F7-4668-BE54-9A1E7A4F7556}") = "Dynatrace.RUM", "Dynatrace.RUM\Dynatrace.RUM.csproj", "{D9C28B0B-A3C4-441E-9964-64F293D67653}"
EndProject
Project("{9A19103F-16F7-4668-BE54-9A1E7A4F7556}") = "MM", "ModularMind.DotNetCore\MM\MM.csproj", "{F5976896-B31E-4F78-9312-8A84B6464B6A}"
EndProject
Global
	GlobalSection(SolutionConfigurationPlatforms) = preSolution
		Debug|Any CPU = Debug|Any CPU
		Release|Any CPU = Release|Any CPU
	EndGlobalSection
	GlobalSection(ProjectConfigurationPlatforms) = postSolution
		{D9C28B0B-A3C4-441E-9964-64F293D67653}.Debug|Any CPU.ActiveCfg = Debug|Any CPU
		{D9C28B0B-A3C4-441E-9964-64F293D67653}.Debug|Any CPU.Build.0 = Debug|Any CPU
		{D9C28B0B-A3C4-441E-9964-64F293D67653}.Release|Any CPU.ActiveCfg = Release|Any CPU
		{D9C28B0B-A3C4-441E-9964-64F293D67653}.Release|Any CPU.Build.0 = Release|Any CPU
		{F5976896-B31E-4F78-9312-8A84B6464B6A}.Debug|Any CPU.ActiveCfg = Debug|Any CPU
		{F5976896-B31E-4F78-9312-8A84B6464B6A}.Debug|Any CPU.Build.0 = Debug|Any CPU
		{F5976896-B31E-4F78-9312-8A84B6464B6A}.Release|Any CPU.ActiveCfg = Release|Any CPU
		{F5976896-B31E-4F78-9312-8A84B6464B6A}.Release|Any CPU.Build.0 = Release|Any CPU
	EndGlobalSection
	GlobalSection(SolutionProperties) = preSolution
		HideSolutionNode = FALSE
	EndGlobalSection
	GlobalSection(ExtensibilityGlobals) = postSolution
		SolutionGuid = {9BB348F4-BFB0-4C13-9463-1AA3B3131822}
	EndGlobalSection
EndGlobal
